// !$*UTF8*$!
{
	archiveVersion = 1;
	classes = {
	};
	objectVersion = 50;
	objects = {

/* Begin PBXBuildFile section */
		AF1C5ED225DE0681005FFA71 /* AppDelegate.swift in Sources */ = {isa = PBXBuildFile; fileRef = AF1C5ED125DE0681005FFA71 /* AppDelegate.swift */; };
		AF1C5ED425DE0681005FFA71 /* SceneDelegate.swift in Sources */ = {isa = PBXBuildFile; fileRef = AF1C5ED325DE0681005FFA71 /* SceneDelegate.swift */; };
		AF1C5ED625DE0681005FFA71 /* ViewController.swift in Sources */ = {isa = PBXBuildFile; fileRef = AF1C5ED525DE0681005FFA71 /* ViewController.swift */; };
		AF1C5ED925DE0681005FFA71 /* Main.storyboard in Resources */ = {isa = PBXBuildFile; fileRef = AF1C5ED725DE0681005FFA71 /* Main.storyboard */; };
		AF1C5EDB25DE0682005FFA71 /* Assets.xcassets in Resources */ = {isa = PBXBuildFile; fileRef = AF1C5EDA25DE0682005FFA71 /* Assets.xcassets */; };
		AF1C5EDE25DE0682005FFA71 /* LaunchScreen.storyboard in Resources */ = {isa = PBXBuildFile; fileRef = AF1C5EDC25DE0682005FFA71 /* LaunchScreen.storyboard */; };
		AF1C5EE925DE0682005FFA71 /* CardManagerTests.swift in Sources */ = {isa = PBXBuildFile; fileRef = AF1C5EE825DE0682005FFA71 /* CardManagerTests.swift */; };
		AF1C5EF425DE0682005FFA71 /* CardManagerUITests.swift in Sources */ = {isa = PBXBuildFile; fileRef = AF1C5EF325DE0682005FFA71 /* CardManagerUITests.swift */; };
/* End PBXBuildFile section */

/* Begin PBXContainerItemProxy section */
		AF1C5EE525DE0682005FFA71 /* PBXContainerItemProxy */ = {
			isa = PBXContainerItemProxy;
			containerPortal = AF1C5EC625DE0681005FFA71 /* Project object */;
			proxyType = 1;
			remoteGlobalIDString = AF1C5ECD25DE0681005FFA71;
			remoteInfo = CardManager;
		};
		AF1C5EF025DE0682005FFA71 /* PBXContainerItemProxy */ = {
			isa = PBXContainerItemProxy;
			containerPortal = AF1C5EC625DE0681005FFA71 /* Project object */;
			proxyType = 1;
			remoteGlobalIDString = AF1C5ECD25DE0681005FFA71;
			remoteInfo = CardManager;
		};
/* End PBXContainerItemProxy section */

/* Begin PBXFileReference section */
		AF1C5ECE25DE0681005FFA71 /* CardManager.app */ = {isa = PBXFileReference; explicitFileType = wrapper.application; includeInIndex = 0; path = CardManager.app; sourceTree = BUILT_PRODUCTS_DIR; };
		AF1C5ED125DE0681005FFA71 /* AppDelegate.swift */ = {isa = PBXFileReference; lastKnownFileType = sourcecode.swift; path = AppDelegate.swift; sourceTree = "<group>"; };
		AF1C5ED325DE0681005FFA71 /* SceneDelegate.swift */ = {isa = PBXFileReference; lastKnownFileType = sourcecode.swift; path = SceneDelegate.swift; sourceTree = "<group>"; };
		AF1C5ED525DE0681005FFA71 /* ViewController.swift */ = {isa = PBXFileReference; lastKnownFileType = sourcecode.swift; path = ViewController.swift; sourceTree = "<group>"; };
		AF1C5ED825DE0681005FFA71 /* Base */ = {isa = PBXFileReference; lastKnownFileType = file.storyboard; name = Base; path = Base.lproj/Main.storyboard; sourceTree = "<group>"; };
		AF1C5EDA25DE0682005FFA71 /* Assets.xcassets */ = {isa = PBXFileReference; lastKnownFileType = folder.assetcatalog; path = Assets.xcassets; sourceTree = "<group>"; };
		AF1C5EDD25DE0682005FFA71 /* Base */ = {isa = PBXFileReference; lastKnownFileType = file.storyboard; name = Base; path = Base.lproj/LaunchScreen.storyboard; sourceTree = "<group>"; };
		AF1C5EDF25DE0682005FFA71 /* Info.plist */ = {isa = PBXFileReference; lastKnownFileType = text.plist.xml; path = Info.plist; sourceTree = "<group>"; };
		AF1C5EE425DE0682005FFA71 /* CardManagerTests.xctest */ = {isa = PBXFileReference; explicitFileType = wrapper.cfbundle; includeInIndex = 0; path = CardManagerTests.xctest; sourceTree = BUILT_PRODUCTS_DIR; };
		AF1C5EE825DE0682005FFA71 /* CardManagerTests.swift */ = {isa = PBXFileReference; lastKnownFileType = sourcecode.swift; path = CardManagerTests.swift; sourceTree = "<group>"; };
		AF1C5EEA25DE0682005FFA71 /* Info.plist */ = {isa = PBXFileReference; lastKnownFileType = text.plist.xml; path = Info.plist; sourceTree = "<group>"; };
		AF1C5EEF25DE0682005FFA71 /* CardManagerUITests.xctest */ = {isa = PBXFileReference; explicitFileType = wrapper.cfbundle; includeInIndex = 0; path = CardManagerUITests.xctest; sourceTree = BUILT_PRODUCTS_DIR; };
		AF1C5EF325DE0682005FFA71 /* CardManagerUITests.swift */ = {isa = PBXFileReference; lastKnownFileType = sourcecode.swift; path = CardManagerUITests.swift; sourceTree = "<group>"; };
		AF1C5EF525DE0682005FFA71 /* Info.plist */ = {isa = PBXFileReference; lastKnownFileType = text.plist.xml; path = Info.plist; sourceTree = "<group>"; };
/* End PBXFileReference section */

/* Begin PBXFrameworksBuildPhase section */
		AF1C5ECB25DE0681005FFA71 /* Frameworks */ = {
			isa = PBXFrameworksBuildPhase;
			buildActionMask = 2147483647;
			files = (
			);
			runOnlyForDeploymentPostprocessing = 0;
		};
		AF1C5EE125DE0682005FFA71 /* Frameworks */ = {
			isa = PBXFrameworksBuildPhase;
			buildActionMask = 2147483647;
			files = (
			);
			runOnlyForDeploymentPostprocessing = 0;
		};
		AF1C5EEC25DE0682005FFA71 /* Frameworks */ = {
			isa = PBXFrameworksBuildPhase;
			buildActionMask = 2147483647;
			files = (
			);
			runOnlyForDeploymentPostprocessing = 0;
		};
/* End PBXFrameworksBuildPhase section */

/* Begin PBXGroup section */
		AF1C5EC525DE0681005FFA71 = {
			isa = PBXGroup;
			children = (
				AF1C5ED025DE0681005FFA71 /* CardManager */,
				AF1C5EE725DE0682005FFA71 /* CardManagerTests */,
				AF1C5EF225DE0682005FFA71 /* CardManagerUITests */,
				AF1C5ECF25DE0681005FFA71 /* Products */,
			);
			sourceTree = "<group>";
		};
		AF1C5ECF25DE0681005FFA71 /* Products */ = {
			isa = PBXGroup;
			children = (
				AF1C5ECE25DE0681005FFA71 /* CardManager.app */,
				AF1C5EE425DE0682005FFA71 /* CardManagerTests.xctest */,
				AF1C5EEF25DE0682005FFA71 /* CardManagerUITests.xctest */,
			);
			name = Products;
			sourceTree = "<group>";
		};
		AF1C5ED025DE0681005FFA71 /* CardManager */ = {
			isa = PBXGroup;
			children = (
				AF1C5ED125DE0681005FFA71 /* AppDelegate.swift */,
				AF1C5ED325DE0681005FFA71 /* SceneDelegate.swift */,
				AF1C5ED525DE0681005FFA71 /* ViewController.swift */,
				AF1C5ED725DE0681005FFA71 /* Main.storyboard */,
				AF1C5EDA25DE0682005FFA71 /* Assets.xcassets */,
				AF1C5EDC25DE0682005FFA71 /* LaunchScreen.storyboard */,
				AF1C5EDF25DE0682005FFA71 /* Info.plist */,
			);
			path = CardManager;
			sourceTree = "<group>";
		};
		AF1C5EE725DE0682005FFA71 /* CardManagerTests */ = {
			isa = PBXGroup;
			children = (
				AF1C5EE825DE0682005FFA71 /* CardManagerTests.swift */,
				AF1C5EEA25DE0682005FFA71 /* Info.plist */,
			);
			path = CardManagerTests;
			sourceTree = "<group>";
		};
		AF1C5EF225DE0682005FFA71 /* CardManagerUITests */ = {
			isa = PBXGroup;
			children = (
				AF1C5EF325DE0682005FFA71 /* CardManagerUITests.swift */,
				AF1C5EF525DE0682005FFA71 /* Info.plist */,
			);
			path = CardManagerUITests;
			sourceTree = "<group>";
		};
/* End PBXGroup section */

/* Begin PBXNativeTarget section */
		AF1C5ECD25DE0681005FFA71 /* CardManager */ = {
			isa = PBXNativeTarget;
			buildConfigurationList = AF1C5EF825DE0682005FFA71 /* Build configuration list for PBXNativeTarget "CardManager" */;
			buildPhases = (
				AF1C5ECA25DE0681005FFA71 /* Sources */,
				AF1C5ECB25DE0681005FFA71 /* Frameworks */,
				AF1C5ECC25DE0681005FFA71 /* Resources */,
			);
			buildRules = (
			);
			dependencies = (
			);
			name = CardManager;
			productName = CardManager;
			productReference = AF1C5ECE25DE0681005FFA71 /* CardManager.app */;
			productType = "com.apple.product-type.application";
		};
		AF1C5EE325DE0682005FFA71 /* CardManagerTests */ = {
			isa = PBXNativeTarget;
			buildConfigurationList = AF1C5EFB25DE0682005FFA71 /* Build configuration list for PBXNativeTarget "CardManagerTests" */;
			buildPhases = (
				AF1C5EE025DE0682005FFA71 /* Sources */,
				AF1C5EE125DE0682005FFA71 /* Frameworks */,
				AF1C5EE225DE0682005FFA71 /* Resources */,
			);
			buildRules = (
			);
			dependencies = (
				AF1C5EE625DE0682005FFA71 /* PBXTargetDependency */,
			);
			name = CardManagerTests;
			productName = CardManagerTests;
			productReference = AF1C5EE425DE0682005FFA71 /* CardManagerTests.xctest */;
			productType = "com.apple.product-type.bundle.unit-test";
		};
		AF1C5EEE25DE0682005FFA71 /* CardManagerUITests */ = {
			isa = PBXNativeTarget;
			buildConfigurationList = AF1C5EFE25DE0682005FFA71 /* Build configuration list for PBXNativeTarget "CardManagerUITests" */;
			buildPhases = (
				AF1C5EEB25DE0682005FFA71 /* Sources */,
				AF1C5EEC25DE0682005FFA71 /* Frameworks */,
				AF1C5EED25DE0682005FFA71 /* Resources */,
			);
			buildRules = (
			);
			dependencies = (
				AF1C5EF125DE0682005FFA71 /* PBXTargetDependency */,
			);
			name = CardManagerUITests;
			productName = CardManagerUITests;
			productReference = AF1C5EEF25DE0682005FFA71 /* CardManagerUITests.xctest */;
			productType = "com.apple.product-type.bundle.ui-testing";
		};
/* End PBXNativeTarget section */

/* Begin PBXProject section */
		AF1C5EC625DE0681005FFA71 /* Project object */ = {
			isa = PBXProject;
			attributes = {
				LastSwiftUpdateCheck = 1240;
				LastUpgradeCheck = 1240;
				TargetAttributes = {
					AF1C5ECD25DE0681005FFA71 = {
						CreatedOnToolsVersion = 12.4;
					};
					AF1C5EE325DE0682005FFA71 = {
						CreatedOnToolsVersion = 12.4;
						TestTargetID = AF1C5ECD25DE0681005FFA71;
					};
					AF1C5EEE25DE0682005FFA71 = {
						CreatedOnToolsVersion = 12.4;
						TestTargetID = AF1C5ECD25DE0681005FFA71;
					};
				};
			};
			buildConfigurationList = AF1C5EC925DE0681005FFA71 /* Build configuration list for PBXProject "CardManager" */;
			compatibilityVersion = "Xcode 9.3";
			developmentRegion = en;
			hasScannedForEncodings = 0;
			knownRegions = (
				en,
				Base,
			);
			mainGroup = AF1C5EC525DE0681005FFA71;
			productRefGroup = AF1C5ECF25DE0681005FFA71 /* Products */;
			projectDirPath = "";
			projectRoot = "";
			targets = (
				AF1C5ECD25DE0681005FFA71 /* CardManager */,
				AF1C5EE325DE0682005FFA71 /* CardManagerTests */,
				AF1C5EEE25DE0682005FFA71 /* CardManagerUITests */,
			);
		};
/* End PBXProject section */

/* Begin PBXResourcesBuildPhase section */
		AF1C5ECC25DE0681005FFA71 /* Resources */ = {
			isa = PBXResourcesBuildPhase;
			buildActionMask = 2147483647;
			files = (
				AF1C5EDE25DE0682005FFA71 /* LaunchScreen.storyboard in Resources */,
				AF1C5EDB25DE0682005FFA71 /* Assets.xcassets in Resources */,
				AF1C5ED925DE0681005FFA71 /* Main.storyboard in Resources */,
			);
			runOnlyForDeploymentPostprocessing = 0;
		};
		AF1C5EE225DE0682005FFA71 /* Resources */ = {
			isa = PBXResourcesBuildPhase;
			buildActionMask = 2147483647;
			files = (
			);
			runOnlyForDeploymentPostprocessing = 0;
		};
		AF1C5EED25DE0682005FFA71 /* Resources */ = {
			isa = PBXResourcesBuildPhase;
			buildActionMask = 2147483647;
			files = (
			);
			runOnlyForDeploymentPostprocessing = 0;
		};
/* End PBXResourcesBuildPhase section */

/* Begin PBXSourcesBuildPhase section */
		AF1C5ECA25DE0681005FFA71 /* Sources */ = {
			isa = PBXSourcesBuildPhase;
			buildActionMask = 2147483647;
			files = (
				AF1C5ED625DE0681005FFA71 /* ViewController.swift in Sources */,
				AF1C5ED225DE0681005FFA71 /* AppDelegate.swift in Sources */,
				AF1C5ED425DE0681005FFA71 /* SceneDelegate.swift in Sources */,
			);
			runOnlyForDeploymentPostprocessing = 0;
		};
		AF1C5EE025DE0682005FFA71 /* Sources */ = {
			isa = PBXSourcesBuildPhase;
			buildActionMask = 2147483647;
			files = (
				AF1C5EE925DE0682005FFA71 /* CardManagerTests.swift in Sources */,
			);
			runOnlyForDeploymentPostprocessing = 0;
		};
		AF1C5EEB25DE0682005FFA71 /* Sources */ = {
			isa = PBXSourcesBuildPhase;
			buildActionMask = 2147483647;
			files = (
				AF1C5EF425DE0682005FFA71 /* CardManagerUITests.swift in Sources */,
			);
			runOnlyForDeploymentPostprocessing = 0;
		};
/* End PBXSourcesBuildPhase section */

/* Begin PBXTargetDependency section */
		AF1C5EE625DE0682005FFA71 /* PBXTargetDependency */ = {
			isa = PBXTargetDependency;
			target = AF1C5ECD25DE0681005FFA71 /* CardManager */;
			targetProxy = AF1C5EE525DE0682005FFA71 /* PBXContainerItemProxy */;
		};
		AF1C5EF125DE0682005FFA71 /* PBXTargetDependency */ = {
			isa = PBXTargetDependency;
			target = AF1C5ECD25DE0681005FFA71 /* CardManager */;
			targetProxy = AF1C5EF025DE0682005FFA71 /* PBXContainerItemProxy */;
		};
/* End PBXTargetDependency section */

/* Begin PBXVariantGroup section */
		AF1C5ED725DE0681005FFA71 /* Main.storyboard */ = {
			isa = PBXVariantGroup;
			children = (
				AF1C5ED825DE0681005FFA71 /* Base */,
			);
			name = Main.storyboard;
			sourceTree = "<group>";
		};
		AF1C5EDC25DE0682005FFA71 /* LaunchScreen.storyboard */ = {
			isa = PBXVariantGroup;
			children = (
				AF1C5EDD25DE0682005FFA71 /* Base */,
			);
			name = LaunchScreen.storyboard;
			sourceTree = "<group>";
		};
/* End PBXVariantGroup section */

/* Begin XCBuildConfiguration section */
		AF1C5EF625DE0682005FFA71 /* Debug */ = {
			isa = XCBuildConfiguration;
			buildSettings = {
				ALWAYS_SEARCH_USER_PATHS = NO;
				CLANG_ANALYZER_NONNULL = YES;
				CLANG_ANALYZER_NUMBER_OBJECT_CONVERSION = YES_AGGRESSIVE;
				CLANG_CXX_LANGUAGE_STANDARD = "gnu++14";
				CLANG_CXX_LIBRARY = "libc++";
				CLANG_ENABLE_MODULES = YES;
				CLANG_ENABLE_OBJC_ARC = YES;
				CLANG_ENABLE_OBJC_WEAK = YES;
				CLANG_WARN_BLOCK_CAPTURE_AUTORELEASING = YES;
				CLANG_WARN_BOOL_CONVERSION = YES;
				CLANG_WARN_COMMA = YES;
				CLANG_WARN_CONSTANT_CONVERSION = YES;
				CLANG_WARN_DEPRECATED_OBJC_IMPLEMENTATIONS = YES;
				CLANG_WARN_DIRECT_OBJC_ISA_USAGE = YES_ERROR;
				CLANG_WARN_DOCUMENTATION_COMMENTS = YES;
				CLANG_WARN_EMPTY_BODY = YES;
				CLANG_WARN_ENUM_CONVERSION = YES;
				CLANG_WARN_INFINITE_RECURSION = YES;
				CLANG_WARN_INT_CONVERSION = YES;
				CLANG_WARN_NON_LITERAL_NULL_CONVERSION = YES;
				CLANG_WARN_OBJC_IMPLICIT_RETAIN_SELF = YES;
				CLANG_WARN_OBJC_LITERAL_CONVERSION = YES;
				CLANG_WARN_OBJC_ROOT_CLASS = YES_ERROR;
				CLANG_WARN_QUOTED_INCLUDE_IN_FRAMEWORK_HEADER = YES;
				CLANG_WARN_RANGE_LOOP_ANALYSIS = YES;
				CLANG_WARN_STRICT_PROTOTYPES = YES;
				CLANG_WARN_SUSPICIOUS_MOVE = YES;
				CLANG_WARN_UNGUARDED_AVAILABILITY = YES_AGGRESSIVE;
				CLANG_WARN_UNREACHABLE_CODE = YES;
				CLANG_WARN__DUPLICATE_METHOD_MATCH = YES;
				COPY_PHASE_STRIP = NO;
				DEBUG_INFORMATION_FORMAT = dwarf;
				ENABLE_STRICT_OBJC_MSGSEND = YES;
				ENABLE_TESTABILITY = YES;
				GCC_C_LANGUAGE_STANDARD = gnu11;
				GCC_DYNAMIC_NO_PIC = NO;
				GCC_NO_COMMON_BLOCKS = YES;
				GCC_OPTIMIZATION_LEVEL = 0;
				GCC_PREPROCESSOR_DEFINITIONS = (
					"DEBUG=1",
					"$(inherited)",
				);
				GCC_WARN_64_TO_32_BIT_CONVERSION = YES;
				GCC_WARN_ABOUT_RETURN_TYPE = YES_ERROR;
				GCC_WARN_UNDECLARED_SELECTOR = YES;
				GCC_WARN_UNINITIALIZED_AUTOS = YES_AGGRESSIVE;
				GCC_WARN_UNUSED_FUNCTION = YES;
				GCC_WARN_UNUSED_VARIABLE = YES;
				IPHONEOS_DEPLOYMENT_TARGET = 14.4;
				MTL_ENABLE_DEBUG_INFO = INCLUDE_SOURCE;
				MTL_FAST_MATH = YES;
				ONLY_ACTIVE_ARCH = YES;
				SDKROOT = iphoneos;
				SWIFT_ACTIVE_COMPILATION_CONDITIONS = DEBUG;
				SWIFT_OPTIMIZATION_LEVEL = "-Onone";
			};
			name = Debug;
		};
		AF1C5EF725DE0682005FFA71 /* Release */ = {
			isa = XCBuildConfiguration;
			buildSettings = {
				ALWAYS_SEARCH_USER_PATHS = NO;
				CLANG_ANALYZER_NONNULL = YES;
				CLANG_ANALYZER_NUMBER_OBJECT_CONVERSION = YES_AGGRESSIVE;
				CLANG_CXX_LANGUAGE_STANDARD = "gnu++14";
				CLANG_CXX_LIBRARY = "libc++";
				CLANG_ENABLE_MODULES = YES;
				CLANG_ENABLE_OBJC_ARC = YES;
				CLANG_ENABLE_OBJC_WEAK = YES;
				CLANG_WARN_BLOCK_CAPTURE_AUTORELEASING = YES;
				CLANG_WARN_BOOL_CONVERSION = YES;
				CLANG_WARN_COMMA = YES;
				CLANG_WARN_CONSTANT_CONVERSION = YES;
				CLANG_WARN_DEPRECATED_OBJC_IMPLEMENTATIONS = YES;
				CLANG_WARN_DIRECT_OBJC_ISA_USAGE = YES_ERROR;
				CLANG_WARN_DOCUMENTATION_COMMENTS = YES;
				CLANG_WARN_EMPTY_BODY = YES;
				CLANG_WARN_ENUM_CONVERSION = YES;
				CLANG_WARN_INFINITE_RECURSION = YES;
				CLANG_WARN_INT_CONVERSION = YES;
				CLANG_WARN_NON_LITERAL_NULL_CONVERSION = YES;
				CLANG_WARN_OBJC_IMPLICIT_RETAIN_SELF = YES;
				CLANG_WARN_OBJC_LITERAL_CONVERSION = YES;
				CLANG_WARN_OBJC_ROOT_CLASS = YES_ERROR;
				CLANG_WARN_QUOTED_INCLUDE_IN_FRAMEWORK_HEADER = YES;
				CLANG_WARN_RANGE_LOOP_ANALYSIS = YES;
				CLANG_WARN_STRICT_PROTOTYPES = YES;
				CLANG_WARN_SUSPICIOUS_MOVE = YES;
				CLANG_WARN_UNGUARDED_AVAILABILITY = YES_AGGRESSIVE;
				CLANG_WARN_UNREACHABLE_CODE = YES;
				CLANG_WARN__DUPLICATE_METHOD_MATCH = YES;
				COPY_PHASE_STRIP = NO;
				DEBUG_INFORMATION_FORMAT = "dwarf-with-dsym";
				ENABLE_NS_ASSERTIONS = NO;
				ENABLE_STRICT_OBJC_MSGSEND = YES;
				GCC_C_LANGUAGE_STANDARD = gnu11;
				GCC_NO_COMMON_BLOCKS = YES;
				GCC_WARN_64_TO_32_BIT_CONVERSION = YES;
				GCC_WARN_ABOUT_RETURN_TYPE = YES_ERROR;
				GCC_WARN_UNDECLARED_SELECTOR = YES;
				GCC_WARN_UNINITIALIZED_AUTOS = YES_AGGRESSIVE;
				GCC_WARN_UNUSED_FUNCTION = YES;
				GCC_WARN_UNUSED_VARIABLE = YES;
				IPHONEOS_DEPLOYMENT_TARGET = 14.4;
				MTL_ENABLE_DEBUG_INFO = NO;
				MTL_FAST_MATH = YES;
				SDKROOT = iphoneos;
				SWIFT_COMPILATION_MODE = wholemodule;
				SWIFT_OPTIMIZATION_LEVEL = "-O";
				VALIDATE_PRODUCT = YES;
			};
			name = Release;
		};
		AF1C5EF925DE0682005FFA71 /* Debug */ = {
			isa = XCBuildConfiguration;
			buildSettings = {
				ASSETCATALOG_COMPILER_APPICON_NAME = AppIcon;
				ASSETCATALOG_COMPILER_GLOBAL_ACCENT_COLOR_NAME = AccentColor;
				CODE_SIGN_STYLE = Automatic;
				DEVELOPMENT_TEAM = 9R83SQPBMD;
				INFOPLIST_FILE = CardManager/Info.plist;
				LD_RUNPATH_SEARCH_PATHS = (
					"$(inherited)",
					"@executable_path/Frameworks",
				);
				PRODUCT_BUNDLE_IDENTIFIER = com.imthiago.CardManager;
				PRODUCT_NAME = "$(TARGET_NAME)";
				SWIFT_VERSION = 5.0;
				TARGETED_DEVICE_FAMILY = 1;
			};
			name = Debug;
		};
		AF1C5EFA25DE0682005FFA71 /* Release */ = {
			isa = XCBuildConfiguration;
			buildSettings = {
				ASSETCATALOG_COMPILER_APPICON_NAME = AppIcon;
				ASSETCATALOG_COMPILER_GLOBAL_ACCENT_COLOR_NAME = AccentColor;
				CODE_SIGN_STYLE = Automatic;
				DEVELOPMENT_TEAM = 9R83SQPBMD;
				INFOPLIST_FILE = CardManager/Info.plist;
				LD_RUNPATH_SEARCH_PATHS = (
					"$(inherited)",
					"@executable_path/Frameworks",
				);
				PRODUCT_BUNDLE_IDENTIFIER = com.imthiago.CardManager;
				PRODUCT_NAME = "$(TARGET_NAME)";
				SWIFT_VERSION = 5.0;
				TARGETED_DEVICE_FAMILY = 1;
			};
			name = Release;
		};
		AF1C5EFC25DE0682005FFA71 /* Debug */ = {
			isa = XCBuildConfiguration;
			buildSettings = {
				ALWAYS_EMBED_SWIFT_STANDARD_LIBRARIES = YES;
				BUNDLE_LOADER = "$(TEST_HOST)";
				CODE_SIGN_STYLE = Automatic;
				DEVELOPMENT_TEAM = 9R83SQPBMD;
				INFOPLIST_FILE = CardManagerTests/Info.plist;
				IPHONEOS_DEPLOYMENT_TARGET = 14.4;
				LD_RUNPATH_SEARCH_PATHS = (
					"$(inherited)",
					"@executable_path/Frameworks",
					"@loader_path/Frameworks",
				);
				PRODUCT_BUNDLE_IDENTIFIER = com.imthiago.CardManagerTests;
				PRODUCT_NAME = "$(TARGET_NAME)";
				SWIFT_VERSION = 5.0;
				TARGETED_DEVICE_FAMILY = "1,2";
				TEST_HOST = "$(BUILT_PRODUCTS_DIR)/CardManager.app/CardManager";
			};
			name = Debug;
		};
		AF1C5EFD25DE0682005FFA71 /* Release */ = {
			isa = XCBuildConfiguration;
			buildSettings = {
				ALWAYS_EMBED_SWIFT_STANDARD_LIBRARIES = YES;
				BUNDLE_LOADER = "$(TEST_HOST)";
				CODE_SIGN_STYLE = Automatic;
				DEVELOPMENT_TEAM = 9R83SQPBMD;
				INFOPLIST_FILE = CardManagerTests/Info.plist;
				IPHONEOS_DEPLOYMENT_TARGET = 14.4;
				LD_RUNPATH_SEARCH_PATHS = (
					"$(inherited)",
					"@executable_path/Frameworks",
					"@loader_path/Frameworks",
				);
				PRODUCT_BUNDLE_IDENTIFIER = com.imthiago.CardManagerTests;
				PRODUCT_NAME = "$(TARGET_NAME)";
				SWIFT_VERSION = 5.0;
				TARGETED_DEVICE_FAMILY = "1,2";
				TEST_HOST = "$(BUILT_PRODUCTS_DIR)/CardManager.app/CardManager";
			};
			name = Release;
		};
		AF1C5EFF25DE0682005FFA71 /* Debug */ = {
			isa = XCBuildConfiguration;
			buildSettings = {
				ALWAYS_EMBED_SWIFT_STANDARD_LIBRARIES = YES;
				CODE_SIGN_STYLE = Automatic;
				DEVELOPMENT_TEAM = 9R83SQPBMD;
				INFOPLIST_FILE = CardManagerUITests/Info.plist;
				LD_RUNPATH_SEARCH_PATHS = (
					"$(inherited)",
					"@executable_path/Frameworks",
					"@loader_path/Frameworks",
				);
				PRODUCT_BUNDLE_IDENTIFIER = com.imthiago.CardManagerUITests;
				PRODUCT_NAME = "$(TARGET_NAME)";
				SWIFT_VERSION = 5.0;
				TARGETED_DEVICE_FAMILY = "1,2";
				TEST_TARGET_NAME = CardManager;
			};
			name = Debug;
		};
		AF1C5F0025DE0682005FFA71 /* Release */ = {
			isa = XCBuildConfiguration;
			buildSettings = {
				ALWAYS_EMBED_SWIFT_STANDARD_LIBRARIES = YES;
				CODE_SIGN_STYLE = Automatic;
				DEVELOPMENT_TEAM = 9R83SQPBMD;
				INFOPLIST_FILE = CardManagerUITests/Info.plist;
				LD_RUNPATH_SEARCH_PATHS = (
					"$(inherited)",
					"@executable_path/Frameworks",
					"@loader_path/Frameworks",
				);
				PRODUCT_BUNDLE_IDENTIFIER = com.imthiago.CardManagerUITests;
				PRODUCT_NAME = "$(TARGET_NAME)";
				SWIFT_VERSION = 5.0;
				TARGETED_DEVICE_FAMILY = "1,2";
				TEST_TARGET_NAME = CardManager;
			};
			name = Release;
		};
/* End XCBuildConfiguration section */

/* Begin XCConfigurationList section */
		AF1C5EC925DE0681005FFA71 /* Build configuration list for PBXProject "CardManager" */ = {
			isa = XCConfigurationList;
			buildConfigurations = (
				AF1C5EF625DE0682005FFA71 /* Debug */,
				AF1C5EF725DE0682005FFA71 /* Release */,
			);
			defaultConfigurationIsVisible = 0;
			defaultConfigurationName = Release;
		};
		AF1C5EF825DE0682005FFA71 /* Build configuration list for PBXNativeTarget "CardManager" */ = {
			isa = XCConfigurationList;
			buildConfigurations = (
				AF1C5EF925DE0682005FFA71 /* Debug */,
				AF1C5EFA25DE0682005FFA71 /* Release */,
			);
			defaultConfigurationIsVisible = 0;
			defaultConfigurationName = Release;
		};
		AF1C5EFB25DE0682005FFA71 /* Build configuration list for PBXNativeTarget "CardManagerTests" */ = {
			isa = XCConfigurationList;
			buildConfigurations = (
				AF1C5EFC25DE0682005FFA71 /* Debug */,
				AF1C5EFD25DE0682005FFA71 /* Release */,
			);
			defaultConfigurationIsVisible = 0;
			defaultConfigurationName = Release;
		};
		AF1C5EFE25DE0682005FFA71 /* Build configuration list for PBXNativeTarget "CardManagerUITests" */ = {
			isa = XCConfigurationList;
			buildConfigurations = (
				AF1C5EFF25DE0682005FFA71 /* Debug */,
				AF1C5F0025DE0682005FFA71 /* Release */,
			);
			defaultConfigurationIsVisible = 0;
			defaultConfigurationName = Release;
		};
/* End XCConfigurationList section */
	};
	rootObject = AF1C5EC625DE0681005FFA71 /* Project object */;
}
